
Microsoft Visual Studio Solution File, Format Version 12.00
# Visual Studio 2013
VisualStudioVersion = 12.0.40629.0
MinimumVisualStudioVersion = 10.0.40219.1
Project("{FAE04EC0-301F-11D3-BF4B-00C04F79EFBC}") = "ContactManagement", "ContactManagement\ContactManagement.csproj", "{67BD8AAB-EE10-4C2B-8B6A-B1942C524842}"
EndProject
Project("{FAE04EC0-301F-11D3-BF4B-00C04F79EFBC}") = "Business", "Business\Business.csproj", "{79ECA449-8274-4FF8-9233-02EA7DBCB468}"
EndProject
Project("{FAE04EC0-301F-11D3-BF4B-00C04F79EFBC}") = "Data", "Data\Data.csproj", "{BC2859E6-D921-4113-AA31-D6739F5564F1}"
EndProject
Global
	GlobalSection(SolutionConfigurationPlatforms) = preSolution
		Debug|Any CPU = Debug|Any CPU
		Release|Any CPU = Release|Any CPU
	EndGlobalSection
	GlobalSection(ProjectConfigurationPlatforms) = postSolution
		{67BD8AAB-EE10-4C2B-8B6A-B1942C524842}.Debug|Any CPU.ActiveCfg = Debug|Any CPU
		{67BD8AAB-EE10-4C2B-8B6A-B1942C524842}.Debug|Any CPU.Build.0 = Debug|Any CPU
		{67BD8AAB-EE10-4C2B-8B6A-B1942C524842}.Release|Any CPU.ActiveCfg = Release|Any CPU
		{67BD8AAB-EE10-4C2B-8B6A-B1942C524842}.Release|Any CPU.Build.0 = Release|Any CPU
		{79ECA449-8274-4FF8-9233-02EA7DBCB468}.Debug|Any CPU.ActiveCfg = Debug|Any CPU
		{79ECA449-8274-4FF8-9233-02EA7DBCB468}.Debug|Any CPU.Build.0 = Debug|Any CPU
		{79ECA449-8274-4FF8-9233-02EA7DBCB468}.Release|Any CPU.ActiveCfg = Release|Any CPU
		{79ECA449-8274-4FF8-9233-02EA7DBCB468}.Release|Any CPU.Build.0 = Release|Any CPU
		{BC2859E6-D921-4113-AA31-D6739F5564F1}.Debug|Any CPU.ActiveCfg = Debug|Any CPU
		{BC2859E6-D921-4113-AA31-D6739F5564F1}.Debug|Any CPU.Build.0 = Debug|Any CPU
		{BC2859E6-D921-4113-AA31-D6739F5564F1}.Release|Any CPU.ActiveCfg = Release|Any CPU
		{BC2859E6-D921-4113-AA31-D6739F5564F1}.Release|Any CPU.Build.0 = Release|Any CPU
	EndGlobalSection
	GlobalSection(SolutionProperties) = preSolution
		HideSolutionNode = FALSE
	EndGlobalSection
EndGlobal
